// !$*UTF8*$!
{
	archiveVersion = 1;
	classes = {
	};
	objectVersion = 55;
	objects = {

/* Begin PBXBuildFile section */
		DFA2F63528D22CAC008A3DF4 /* AppDelegate.swift in Sources */ = {isa = PBXBuildFile; fileRef = DFA2F63428D22CAC008A3DF4 /* AppDelegate.swift */; };
		DFA2F63728D22CAC008A3DF4 /* SceneDelegate.swift in Sources */ = {isa = PBXBuildFile; fileRef = DFA2F63628D22CAC008A3DF4 /* SceneDelegate.swift */; };
		DFA2F63928D22CAC008A3DF4 /* ViewController.swift in Sources */ = {isa = PBXBuildFile; fileRef = DFA2F63828D22CAC008A3DF4 /* ViewController.swift */; };
		DFA2F63C28D22CAC008A3DF4 /* Main.storyboard in Resources */ = {isa = PBXBuildFile; fileRef = DFA2F63A28D22CAC008A3DF4 /* Main.storyboard */; };
		DFA2F63E28D22CAD008A3DF4 /* Assets.xcassets in Resources */ = {isa = PBXBuildFile; fileRef = DFA2F63D28D22CAD008A3DF4 /* Assets.xcassets */; };
		DFA2F64128D22CAD008A3DF4 /* LaunchScreen.storyboard in Resources */ = {isa = PBXBuildFile; fileRef = DFA2F63F28D22CAD008A3DF4 /* LaunchScreen.storyboard */; };
		DFA2F64C28D22CAD008A3DF4 /* yandex3Tests.swift in Sources */ = {isa = PBXBuildFile; fileRef = DFA2F64B28D22CAD008A3DF4 /* yandex3Tests.swift */; };
		DFA2F65628D22CAD008A3DF4 /* yandex3UITests.swift in Sources */ = {isa = PBXBuildFile; fileRef = DFA2F65528D22CAD008A3DF4 /* yandex3UITests.swift */; };
		DFA2F65828D22CAD008A3DF4 /* yandex3UITestsLaunchTests.swift in Sources */ = {isa = PBXBuildFile; fileRef = DFA2F65728D22CAD008A3DF4 /* yandex3UITestsLaunchTests.swift */; };
/* End PBXBuildFile section */

/* Begin PBXContainerItemProxy section */
		DFA2F64828D22CAD008A3DF4 /* PBXContainerItemProxy */ = {
			isa = PBXContainerItemProxy;
			containerPortal = DFA2F62928D22CAC008A3DF4 /* Project object */;
			proxyType = 1;
			remoteGlobalIDString = DFA2F63028D22CAC008A3DF4;
			remoteInfo = yandex3;
		};
		DFA2F65228D22CAD008A3DF4 /* PBXContainerItemProxy */ = {
			isa = PBXContainerItemProxy;
			containerPortal = DFA2F62928D22CAC008A3DF4 /* Project object */;
			proxyType = 1;
			remoteGlobalIDString = DFA2F63028D22CAC008A3DF4;
			remoteInfo = yandex3;
		};
/* End PBXContainerItemProxy section */

/* Begin PBXFileReference section */
		DFA2F63128D22CAC008A3DF4 /* yandex3.app */ = {isa = PBXFileReference; explicitFileType = wrapper.application; includeInIndex = 0; path = yandex3.app; sourceTree = BUILT_PRODUCTS_DIR; };
		DFA2F63428D22CAC008A3DF4 /* AppDelegate.swift */ = {isa = PBXFileReference; lastKnownFileType = sourcecode.swift; path = AppDelegate.swift; sourceTree = "<group>"; };
		DFA2F63628D22CAC008A3DF4 /* SceneDelegate.swift */ = {isa = PBXFileReference; lastKnownFileType = sourcecode.swift; path = SceneDelegate.swift; sourceTree = "<group>"; };
		DFA2F63828D22CAC008A3DF4 /* ViewController.swift */ = {isa = PBXFileReference; lastKnownFileType = sourcecode.swift; path = ViewController.swift; sourceTree = "<group>"; };
		DFA2F63B28D22CAC008A3DF4 /* Base */ = {isa = PBXFileReference; lastKnownFileType = file.storyboard; name = Base; path = Base.lproj/Main.storyboard; sourceTree = "<group>"; };
		DFA2F63D28D22CAD008A3DF4 /* Assets.xcassets */ = {isa = PBXFileReference; lastKnownFileType = folder.assetcatalog; path = Assets.xcassets; sourceTree = "<group>"; };
		DFA2F64028D22CAD008A3DF4 /* Base */ = {isa = PBXFileReference; lastKnownFileType = file.storyboard; name = Base; path = Base.lproj/LaunchScreen.storyboard; sourceTree = "<group>"; };
		DFA2F64228D22CAD008A3DF4 /* Info.plist */ = {isa = PBXFileReference; lastKnownFileType = text.plist.xml; path = Info.plist; sourceTree = "<group>"; };
		DFA2F64728D22CAD008A3DF4 /* yandex3Tests.xctest */ = {isa = PBXFileReference; explicitFileType = wrapper.cfbundle; includeInIndex = 0; path = yandex3Tests.xctest; sourceTree = BUILT_PRODUCTS_DIR; };
		DFA2F64B28D22CAD008A3DF4 /* yandex3Tests.swift */ = {isa = PBXFileReference; lastKnownFileType = sourcecode.swift; path = yandex3Tests.swift; sourceTree = "<group>"; };
		DFA2F65128D22CAD008A3DF4 /* yandex3UITests.xctest */ = {isa = PBXFileReference; explicitFileType = wrapper.cfbundle; includeInIndex = 0; path = yandex3UITests.xctest; sourceTree = BUILT_PRODUCTS_DIR; };
		DFA2F65528D22CAD008A3DF4 /* yandex3UITests.swift */ = {isa = PBXFileReference; lastKnownFileType = sourcecode.swift; path = yandex3UITests.swift; sourceTree = "<group>"; };
		DFA2F65728D22CAD008A3DF4 /* yandex3UITestsLaunchTests.swift */ = {isa = PBXFileReference; lastKnownFileType = sourcecode.swift; path = yandex3UITestsLaunchTests.swift; sourceTree = "<group>"; };
/* End PBXFileReference section */

/* Begin PBXFrameworksBuildPhase section */
		DFA2F62E28D22CAC008A3DF4 /* Frameworks */ = {
			isa = PBXFrameworksBuildPhase;
			buildActionMask = 2147483647;
			files = (
			);
			runOnlyForDeploymentPostprocessing = 0;
		};
		DFA2F64428D22CAD008A3DF4 /* Frameworks */ = {
			isa = PBXFrameworksBuildPhase;
			buildActionMask = 2147483647;
			files = (
			);
			runOnlyForDeploymentPostprocessing = 0;
		};
		DFA2F64E28D22CAD008A3DF4 /* Frameworks */ = {
			isa = PBXFrameworksBuildPhase;
			buildActionMask = 2147483647;
			files = (
			);
			runOnlyForDeploymentPostprocessing = 0;
		};
/* End PBXFrameworksBuildPhase section */

/* Begin PBXGroup section */
		DFA2F62828D22CAC008A3DF4 = {
			isa = PBXGroup;
			children = (
				DFA2F63328D22CAC008A3DF4 /* yandex3 */,
				DFA2F64A28D22CAD008A3DF4 /* yandex3Tests */,
				DFA2F65428D22CAD008A3DF4 /* yandex3UITests */,
				DFA2F63228D22CAC008A3DF4 /* Products */,
			);
			sourceTree = "<group>";
		};
		DFA2F63228D22CAC008A3DF4 /* Products */ = {
			isa = PBXGroup;
			children = (
				DFA2F63128D22CAC008A3DF4 /* yandex3.app */,
				DFA2F64728D22CAD008A3DF4 /* yandex3Tests.xctest */,
				DFA2F65128D22CAD008A3DF4 /* yandex3UITests.xctest */,
			);
			name = Products;
			sourceTree = "<group>";
		};
		DFA2F63328D22CAC008A3DF4 /* yandex3 */ = {
			isa = PBXGroup;
			children = (
				DFA2F63428D22CAC008A3DF4 /* AppDelegate.swift */,
				DFA2F63628D22CAC008A3DF4 /* SceneDelegate.swift */,
				DFA2F63828D22CAC008A3DF4 /* ViewController.swift */,
				DFA2F63A28D22CAC008A3DF4 /* Main.storyboard */,
				DFA2F63D28D22CAD008A3DF4 /* Assets.xcassets */,
				DFA2F63F28D22CAD008A3DF4 /* LaunchScreen.storyboard */,
				DFA2F64228D22CAD008A3DF4 /* Info.plist */,
			);
			path = yandex3;
			sourceTree = "<group>";
		};
		DFA2F64A28D22CAD008A3DF4 /* yandex3Tests */ = {
			isa = PBXGroup;
			children = (
				DFA2F64B28D22CAD008A3DF4 /* yandex3Tests.swift */,
			);
			path = yandex3Tests;
			sourceTree = "<group>";
		};
		DFA2F65428D22CAD008A3DF4 /* yandex3UITests */ = {
			isa = PBXGroup;
			children = (
				DFA2F65528D22CAD008A3DF4 /* yandex3UITests.swift */,
				DFA2F65728D22CAD008A3DF4 /* yandex3UITestsLaunchTests.swift */,
			);
			path = yandex3UITests;
			sourceTree = "<group>";
		};
/* End PBXGroup section */

/* Begin PBXNativeTarget section */
		DFA2F63028D22CAC008A3DF4 /* yandex3 */ = {
			isa = PBXNativeTarget;
			buildConfigurationList = DFA2F65B28D22CAD008A3DF4 /* Build configuration list for PBXNativeTarget "yandex3" */;
			buildPhases = (
				DFA2F62D28D22CAC008A3DF4 /* Sources */,
				DFA2F62E28D22CAC008A3DF4 /* Frameworks */,
				DFA2F62F28D22CAC008A3DF4 /* Resources */,
			);
			buildRules = (
			);
			dependencies = (
			);
			name = yandex3;
			productName = yandex3;
			productReference = DFA2F63128D22CAC008A3DF4 /* yandex3.app */;
			productType = "com.apple.product-type.application";
		};
		DFA2F64628D22CAD008A3DF4 /* yandex3Tests */ = {
			isa = PBXNativeTarget;
			buildConfigurationList = DFA2F65E28D22CAD008A3DF4 /* Build configuration list for PBXNativeTarget "yandex3Tests" */;
			buildPhases = (
				DFA2F64328D22CAD008A3DF4 /* Sources */,
				DFA2F64428D22CAD008A3DF4 /* Frameworks */,
				DFA2F64528D22CAD008A3DF4 /* Resources */,
			);
			buildRules = (
			);
			dependencies = (
				DFA2F64928D22CAD008A3DF4 /* PBXTargetDependency */,
			);
			name = yandex3Tests;
			productName = yandex3Tests;
			productReference = DFA2F64728D22CAD008A3DF4 /* yandex3Tests.xctest */;
			productType = "com.apple.product-type.bundle.unit-test";
		};
		DFA2F65028D22CAD008A3DF4 /* yandex3UITests */ = {
			isa = PBXNativeTarget;
			buildConfigurationList = DFA2F66128D22CAD008A3DF4 /* Build configuration list for PBXNativeTarget "yandex3UITests" */;
			buildPhases = (
				DFA2F64D28D22CAD008A3DF4 /* Sources */,
				DFA2F64E28D22CAD008A3DF4 /* Frameworks */,
				DFA2F64F28D22CAD008A3DF4 /* Resources */,
			);
			buildRules = (
			);
			dependencies = (
				DFA2F65328D22CAD008A3DF4 /* PBXTargetDependency */,
			);
			name = yandex3UITests;
			productName = yandex3UITests;
			productReference = DFA2F65128D22CAD008A3DF4 /* yandex3UITests.xctest */;
			productType = "com.apple.product-type.bundle.ui-testing";
		};
/* End PBXNativeTarget section */

/* Begin PBXProject section */
		DFA2F62928D22CAC008A3DF4 /* Project object */ = {
			isa = PBXProject;
			attributes = {
				BuildIndependentTargetsInParallel = 1;
				LastSwiftUpdateCheck = 1340;
				LastUpgradeCheck = 1340;
				TargetAttributes = {
					DFA2F63028D22CAC008A3DF4 = {
						CreatedOnToolsVersion = 13.4.1;
					};
					DFA2F64628D22CAD008A3DF4 = {
						CreatedOnToolsVersion = 13.4.1;
						TestTargetID = DFA2F63028D22CAC008A3DF4;
					};
					DFA2F65028D22CAD008A3DF4 = {
						CreatedOnToolsVersion = 13.4.1;
						TestTargetID = DFA2F63028D22CAC008A3DF4;
					};
				};
			};
			buildConfigurationList = DFA2F62C28D22CAC008A3DF4 /* Build configuration list for PBXProject "yandex3" */;
			compatibilityVersion = "Xcode 13.0";
			developmentRegion = en;
			hasScannedForEncodings = 0;
			knownRegions = (
				en,
				Base,
			);
			mainGroup = DFA2F62828D22CAC008A3DF4;
			productRefGroup = DFA2F63228D22CAC008A3DF4 /* Products */;
			projectDirPath = "";
			projectRoot = "";
			targets = (
				DFA2F63028D22CAC008A3DF4 /* yandex3 */,
				DFA2F64628D22CAD008A3DF4 /* yandex3Tests */,
				DFA2F65028D22CAD008A3DF4 /* yandex3UITests */,
			);
		};
/* End PBXProject section */

/* Begin PBXResourcesBuildPhase section */
		DFA2F62F28D22CAC008A3DF4 /* Resources */ = {
			isa = PBXResourcesBuildPhase;
			buildActionMask = 2147483647;
			files = (
				DFA2F64128D22CAD008A3DF4 /* LaunchScreen.storyboard in Resources */,
				DFA2F63E28D22CAD008A3DF4 /* Assets.xcassets in Resources */,
				DFA2F63C28D22CAC008A3DF4 /* Main.storyboard in Resources */,
			);
			runOnlyForDeploymentPostprocessing = 0;
		};
		DFA2F64528D22CAD008A3DF4 /* Resources */ = {
			isa = PBXResourcesBuildPhase;
			buildActionMask = 2147483647;
			files = (
			);
			runOnlyForDeploymentPostprocessing = 0;
		};
		DFA2F64F28D22CAD008A3DF4 /* Resources */ = {
			isa = PBXResourcesBuildPhase;
			buildActionMask = 2147483647;
			files = (
			);
			runOnlyForDeploymentPostprocessing = 0;
		};
/* End PBXResourcesBuildPhase section */

/* Begin PBXSourcesBuildPhase section */
		DFA2F62D28D22CAC008A3DF4 /* Sources */ = {
			isa = PBXSourcesBuildPhase;
			buildActionMask = 2147483647;
			files = (
				DFA2F63928D22CAC008A3DF4 /* ViewController.swift in Sources */,
				DFA2F63528D22CAC008A3DF4 /* AppDelegate.swift in Sources */,
				DFA2F63728D22CAC008A3DF4 /* SceneDelegate.swift in Sources */,
			);
			runOnlyForDeploymentPostprocessing = 0;
		};
		DFA2F64328D22CAD008A3DF4 /* Sources */ = {
			isa = PBXSourcesBuildPhase;
			buildActionMask = 2147483647;
			files = (
				DFA2F64C28D22CAD008A3DF4 /* yandex3Tests.swift in Sources */,
			);
			runOnlyForDeploymentPostprocessing = 0;
		};
		DFA2F64D28D22CAD008A3DF4 /* Sources */ = {
			isa = PBXSourcesBuildPhase;
			buildActionMask = 2147483647;
			files = (
				DFA2F65628D22CAD008A3DF4 /* yandex3UITests.swift in Sources */,
				DFA2F65828D22CAD008A3DF4 /* yandex3UITestsLaunchTests.swift in Sources */,
			);
			runOnlyForDeploymentPostprocessing = 0;
		};
/* End PBXSourcesBuildPhase section */

/* Begin PBXTargetDependency section */
		DFA2F64928D22CAD008A3DF4 /* PBXTargetDependency */ = {
			isa = PBXTargetDependency;
			target = DFA2F63028D22CAC008A3DF4 /* yandex3 */;
			targetProxy = DFA2F64828D22CAD008A3DF4 /* PBXContainerItemProxy */;
		};
		DFA2F65328D22CAD008A3DF4 /* PBXTargetDependency */ = {
			isa = PBXTargetDependency;
			target = DFA2F63028D22CAC008A3DF4 /* yandex3 */;
			targetProxy = DFA2F65228D22CAD008A3DF4 /* PBXContainerItemProxy */;
		};
/* End PBXTargetDependency section */

/* Begin PBXVariantGroup section */
		DFA2F63A28D22CAC008A3DF4 /* Main.storyboard */ = {
			isa = PBXVariantGroup;
			children = (
				DFA2F63B28D22CAC008A3DF4 /* Base */,
			);
			name = Main.storyboard;
			sourceTree = "<group>";
		};
		DFA2F63F28D22CAD008A3DF4 /* LaunchScreen.storyboard */ = {
			isa = PBXVariantGroup;
			children = (
				DFA2F64028D22CAD008A3DF4 /* Base */,
			);
			name = LaunchScreen.storyboard;
			sourceTree = "<group>";
		};
/* End PBXVariantGroup section */

/* Begin XCBuildConfiguration section */
		DFA2F65928D22CAD008A3DF4 /* Debug */ = {
			isa = XCBuildConfiguration;
			buildSettings = {
				ALWAYS_SEARCH_USER_PATHS = NO;
				CLANG_ANALYZER_NONNULL = YES;
				CLANG_ANALYZER_NUMBER_OBJECT_CONVERSION = YES_AGGRESSIVE;
				CLANG_CXX_LANGUAGE_STANDARD = "gnu++17";
				CLANG_ENABLE_MODULES = YES;
				CLANG_ENABLE_OBJC_ARC = YES;
				CLANG_ENABLE_OBJC_WEAK = YES;
				CLANG_WARN_BLOCK_CAPTURE_AUTORELEASING = YES;
				CLANG_WARN_BOOL_CONVERSION = YES;
				CLANG_WARN_COMMA = YES;
				CLANG_WARN_CONSTANT_CONVERSION = YES;
				CLANG_WARN_DEPRECATED_OBJC_IMPLEMENTATIONS = YES;
				CLANG_WARN_DIRECT_OBJC_ISA_USAGE = YES_ERROR;
				CLANG_WARN_DOCUMENTATION_COMMENTS = YES;
				CLANG_WARN_EMPTY_BODY = YES;
				CLANG_WARN_ENUM_CONVERSION = YES;
				CLANG_WARN_INFINITE_RECURSION = YES;
				CLANG_WARN_INT_CONVERSION = YES;
				CLANG_WARN_NON_LITERAL_NULL_CONVERSION = YES;
				CLANG_WARN_OBJC_IMPLICIT_RETAIN_SELF = YES;
				CLANG_WARN_OBJC_LITERAL_CONVERSION = YES;
				CLANG_WARN_OBJC_ROOT_CLASS = YES_ERROR;
				CLANG_WARN_QUOTED_INCLUDE_IN_FRAMEWORK_HEADER = YES;
				CLANG_WARN_RANGE_LOOP_ANALYSIS = YES;
				CLANG_WARN_STRICT_PROTOTYPES = YES;
				CLANG_WARN_SUSPICIOUS_MOVE = YES;
				CLANG_WARN_UNGUARDED_AVAILABILITY = YES_AGGRESSIVE;
				CLANG_WARN_UNREACHABLE_CODE = YES;
				CLANG_WARN__DUPLICATE_METHOD_MATCH = YES;
				COPY_PHASE_STRIP = NO;
				DEBUG_INFORMATION_FORMAT = dwarf;
				ENABLE_STRICT_OBJC_MSGSEND = YES;
				ENABLE_TESTABILITY = YES;
				GCC_C_LANGUAGE_STANDARD = gnu11;
				GCC_DYNAMIC_NO_PIC = NO;
				GCC_NO_COMMON_BLOCKS = YES;
				GCC_OPTIMIZATION_LEVEL = 0;
				GCC_PREPROCESSOR_DEFINITIONS = (
					"DEBUG=1",
					"$(inherited)",
				);
				GCC_WARN_64_TO_32_BIT_CONVERSION = YES;
				GCC_WARN_ABOUT_RETURN_TYPE = YES_ERROR;
				GCC_WARN_UNDECLARED_SELECTOR = YES;
				GCC_WARN_UNINITIALIZED_AUTOS = YES_AGGRESSIVE;
				GCC_WARN_UNUSED_FUNCTION = YES;
				GCC_WARN_UNUSED_VARIABLE = YES;
				IPHONEOS_DEPLOYMENT_TARGET = 15.5;
				MTL_ENABLE_DEBUG_INFO = INCLUDE_SOURCE;
				MTL_FAST_MATH = YES;
				ONLY_ACTIVE_ARCH = YES;
				SDKROOT = iphoneos;
				SWIFT_ACTIVE_COMPILATION_CONDITIONS = DEBUG;
				SWIFT_OPTIMIZATION_LEVEL = "-Onone";
			};
			name = Debug;
		};
		DFA2F65A28D22CAD008A3DF4 /* Release */ = {
			isa = XCBuildConfiguration;
			buildSettings = {
				ALWAYS_SEARCH_USER_PATHS = NO;
				CLANG_ANALYZER_NONNULL = YES;
				CLANG_ANALYZER_NUMBER_OBJECT_CONVERSION = YES_AGGRESSIVE;
				CLANG_CXX_LANGUAGE_STANDARD = "gnu++17";
				CLANG_ENABLE_MODULES = YES;
				CLANG_ENABLE_OBJC_ARC = YES;
				CLANG_ENABLE_OBJC_WEAK = YES;
				CLANG_WARN_BLOCK_CAPTURE_AUTORELEASING = YES;
				CLANG_WARN_BOOL_CONVERSION = YES;
				CLANG_WARN_COMMA = YES;
				CLANG_WARN_CONSTANT_CONVERSION = YES;
				CLANG_WARN_DEPRECATED_OBJC_IMPLEMENTATIONS = YES;
				CLANG_WARN_DIRECT_OBJC_ISA_USAGE = YES_ERROR;
				CLANG_WARN_DOCUMENTATION_COMMENTS = YES;
				CLANG_WARN_EMPTY_BODY = YES;
				CLANG_WARN_ENUM_CONVERSION = YES;
				CLANG_WARN_INFINITE_RECURSION = YES;
				CLANG_WARN_INT_CONVERSION = YES;
				CLANG_WARN_NON_LITERAL_NULL_CONVERSION = YES;
				CLANG_WARN_OBJC_IMPLICIT_RETAIN_SELF = YES;
				CLANG_WARN_OBJC_LITERAL_CONVERSION = YES;
				CLANG_WARN_OBJC_ROOT_CLASS = YES_ERROR;
				CLANG_WARN_QUOTED_INCLUDE_IN_FRAMEWORK_HEADER = YES;
				CLANG_WARN_RANGE_LOOP_ANALYSIS = YES;
				CLANG_WARN_STRICT_PROTOTYPES = YES;
				CLANG_WARN_SUSPICIOUS_MOVE = YES;
				CLANG_WARN_UNGUARDED_AVAILABILITY = YES_AGGRESSIVE;
				CLANG_WARN_UNREACHABLE_CODE = YES;
				CLANG_WARN__DUPLICATE_METHOD_MATCH = YES;
				COPY_PHASE_STRIP = NO;
				DEBUG_INFORMATION_FORMAT = "dwarf-with-dsym";
				ENABLE_NS_ASSERTIONS = NO;
				ENABLE_STRICT_OBJC_MSGSEND = YES;
				GCC_C_LANGUAGE_STANDARD = gnu11;
				GCC_NO_COMMON_BLOCKS = YES;
				GCC_WARN_64_TO_32_BIT_CONVERSION = YES;
				GCC_WARN_ABOUT_RETURN_TYPE = YES_ERROR;
				GCC_WARN_UNDECLARED_SELECTOR = YES;
				GCC_WARN_UNINITIALIZED_AUTOS = YES_AGGRESSIVE;
				GCC_WARN_UNUSED_FUNCTION = YES;
				GCC_WARN_UNUSED_VARIABLE = YES;
				IPHONEOS_DEPLOYMENT_TARGET = 15.5;
				MTL_ENABLE_DEBUG_INFO = NO;
				MTL_FAST_MATH = YES;
				SDKROOT = iphoneos;
				SWIFT_COMPILATION_MODE = wholemodule;
				SWIFT_OPTIMIZATION_LEVEL = "-O";
				VALIDATE_PRODUCT = YES;
			};
			name = Release;
		};
		DFA2F65C28D22CAD008A3DF4 /* Debug */ = {
			isa = XCBuildConfiguration;
			buildSettings = {
				ASSETCATALOG_COMPILER_APPICON_NAME = AppIcon;
				ASSETCATALOG_COMPILER_GLOBAL_ACCENT_COLOR_NAME = AccentColor;
				CODE_SIGN_STYLE = Automatic;
				CURRENT_PROJECT_VERSION = 1;
				GENERATE_INFOPLIST_FILE = YES;
				INFOPLIST_FILE = yandex3/Info.plist;
				INFOPLIST_KEY_UIApplicationSupportsIndirectInputEvents = YES;
				INFOPLIST_KEY_UILaunchStoryboardName = LaunchScreen;
				INFOPLIST_KEY_UIMainStoryboardFile = Main;
				INFOPLIST_KEY_UISupportedInterfaceOrientations_iPad = "UIInterfaceOrientationPortrait UIInterfaceOrientationPortraitUpsideDown UIInterfaceOrientationLandscapeLeft UIInterfaceOrientationLandscapeRight";
				INFOPLIST_KEY_UISupportedInterfaceOrientations_iPhone = "UIInterfaceOrientationPortrait UIInterfaceOrientationLandscapeLeft UIInterfaceOrientationLandscapeRight";
				LD_RUNPATH_SEARCH_PATHS = (
					"$(inherited)",
					"@executable_path/Frameworks",
				);
				MARKETING_VERSION = 1.0;
				PRODUCT_BUNDLE_IDENTIFIER = "-2.yandex3";
				PRODUCT_NAME = "$(TARGET_NAME)";
				SWIFT_EMIT_LOC_STRINGS = YES;
				SWIFT_VERSION = 5.0;
				TARGETED_DEVICE_FAMILY = "1,2";
			};
			name = Debug;
		};
		DFA2F65D28D22CAD008A3DF4 /* Release */ = {
			isa = XCBuildConfiguration;
			buildSettings = {
				ASSETCATALOG_COMPILER_APPICON_NAME = AppIcon;
				ASSETCATALOG_COMPILER_GLOBAL_ACCENT_COLOR_NAME = AccentColor;
				CODE_SIGN_STYLE = Automatic;
				CURRENT_PROJECT_VERSION = 1;
				GENERATE_INFOPLIST_FILE = YES;
				INFOPLIST_FILE = yandex3/Info.plist;
				INFOPLIST_KEY_UIApplicationSupportsIndirectInputEvents = YES;
				INFOPLIST_KEY_UILaunchStoryboardName = LaunchScreen;
				INFOPLIST_KEY_UIMainStoryboardFile = Main;
				INFOPLIST_KEY_UISupportedInterfaceOrientations_iPad = "UIInterfaceOrientationPortrait UIInterfaceOrientationPortraitUpsideDown UIInterfaceOrientationLandscapeLeft UIInterfaceOrientationLandscapeRight";
				INFOPLIST_KEY_UISupportedInterfaceOrientations_iPhone = "UIInterfaceOrientationPortrait UIInterfaceOrientationLandscapeLeft UIInterfaceOrientationLandscapeRight";
				LD_RUNPATH_SEARCH_PATHS = (
					"$(inherited)",
					"@executable_path/Frameworks",
				);
				MARKETING_VERSION = 1.0;
				PRODUCT_BUNDLE_IDENTIFIER = "-2.yandex3";
				PRODUCT_NAME = "$(TARGET_NAME)";
				SWIFT_EMIT_LOC_STRINGS = YES;
				SWIFT_VERSION = 5.0;
				TARGETED_DEVICE_FAMILY = "1,2";
			};
			name = Release;
		};
		DFA2F65F28D22CAD008A3DF4 /* Debug */ = {
			isa = XCBuildConfiguration;
			buildSettings = {
				ALWAYS_EMBED_SWIFT_STANDARD_LIBRARIES = YES;
				BUNDLE_LOADER = "$(TEST_HOST)";
				CODE_SIGN_STYLE = Automatic;
				CURRENT_PROJECT_VERSION = 1;
				GENERATE_INFOPLIST_FILE = YES;
				IPHONEOS_DEPLOYMENT_TARGET = 15.5;
				MARKETING_VERSION = 1.0;
				PRODUCT_BUNDLE_IDENTIFIER = "-2.yandex3Tests";
				PRODUCT_NAME = "$(TARGET_NAME)";
				SWIFT_EMIT_LOC_STRINGS = NO;
				SWIFT_VERSION = 5.0;
				TARGETED_DEVICE_FAMILY = "1,2";
				TEST_HOST = "$(BUILT_PRODUCTS_DIR)/yandex3.app/yandex3";
			};
			name = Debug;
		};
		DFA2F66028D22CAD008A3DF4 /* Release */ = {
			isa = XCBuildConfiguration;
			buildSettings = {
				ALWAYS_EMBED_SWIFT_STANDARD_LIBRARIES = YES;
				BUNDLE_LOADER = "$(TEST_HOST)";
				CODE_SIGN_STYLE = Automatic;
				CURRENT_PROJECT_VERSION = 1;
				GENERATE_INFOPLIST_FILE = YES;
				IPHONEOS_DEPLOYMENT_TARGET = 15.5;
				MARKETING_VERSION = 1.0;
				PRODUCT_BUNDLE_IDENTIFIER = "-2.yandex3Tests";
				PRODUCT_NAME = "$(TARGET_NAME)";
				SWIFT_EMIT_LOC_STRINGS = NO;
				SWIFT_VERSION = 5.0;
				TARGETED_DEVICE_FAMILY = "1,2";
				TEST_HOST = "$(BUILT_PRODUCTS_DIR)/yandex3.app/yandex3";
			};
			name = Release;
		};
		DFA2F66228D22CAD008A3DF4 /* Debug */ = {
			isa = XCBuildConfiguration;
			buildSettings = {
				ALWAYS_EMBED_SWIFT_STANDARD_LIBRARIES = YES;
				CODE_SIGN_STYLE = Automatic;
				CURRENT_PROJECT_VERSION = 1;
				GENERATE_INFOPLIST_FILE = YES;
				MARKETING_VERSION = 1.0;
				PRODUCT_BUNDLE_IDENTIFIER = "-2.yandex3UITests";
				PRODUCT_NAME = "$(TARGET_NAME)";
				SWIFT_EMIT_LOC_STRINGS = NO;
				SWIFT_VERSION = 5.0;
				TARGETED_DEVICE_FAMILY = "1,2";
				TEST_TARGET_NAME = yandex3;
			};
			name = Debug;
		};
		DFA2F66328D22CAD008A3DF4 /* Release */ = {
			isa = XCBuildConfiguration;
			buildSettings = {
				ALWAYS_EMBED_SWIFT_STANDARD_LIBRARIES = YES;
				CODE_SIGN_STYLE = Automatic;
				CURRENT_PROJECT_VERSION = 1;
				GENERATE_INFOPLIST_FILE = YES;
				MARKETING_VERSION = 1.0;
				PRODUCT_BUNDLE_IDENTIFIER = "-2.yandex3UITests";
				PRODUCT_NAME = "$(TARGET_NAME)";
				SWIFT_EMIT_LOC_STRINGS = NO;
				SWIFT_VERSION = 5.0;
				TARGETED_DEVICE_FAMILY = "1,2";
				TEST_TARGET_NAME = yandex3;
			};
			name = Release;
		};
/* End XCBuildConfiguration section */

/* Begin XCConfigurationList section */
		DFA2F62C28D22CAC008A3DF4 /* Build configuration list for PBXProject "yandex3" */ = {
			isa = XCConfigurationList;
			buildConfigurations = (
				DFA2F65928D22CAD008A3DF4 /* Debug */,
				DFA2F65A28D22CAD008A3DF4 /* Release */,
			);
			defaultConfigurationIsVisible = 0;
			defaultConfigurationName = Release;
		};
		DFA2F65B28D22CAD008A3DF4 /* Build configuration list for PBXNativeTarget "yandex3" */ = {
			isa = XCConfigurationList;
			buildConfigurations = (
				DFA2F65C28D22CAD008A3DF4 /* Debug */,
				DFA2F65D28D22CAD008A3DF4 /* Release */,
			);
			defaultConfigurationIsVisible = 0;
			defaultConfigurationName = Release;
		};
		DFA2F65E28D22CAD008A3DF4 /* Build configuration list for PBXNativeTarget "yandex3Tests" */ = {
			isa = XCConfigurationList;
			buildConfigurations = (
				DFA2F65F28D22CAD008A3DF4 /* Debug */,
				DFA2F66028D22CAD008A3DF4 /* Release */,
			);
			defaultConfigurationIsVisible = 0;
			defaultConfigurationName = Release;
		};
		DFA2F66128D22CAD008A3DF4 /* Build configuration list for PBXNativeTarget "yandex3UITests" */ = {
			isa = XCConfigurationList;
			buildConfigurations = (
				DFA2F66228D22CAD008A3DF4 /* Debug */,
				DFA2F66328D22CAD008A3DF4 /* Release */,
			);
			defaultConfigurationIsVisible = 0;
			defaultConfigurationName = Release;
		};
/* End XCConfigurationList section */
	};
	rootObject = DFA2F62928D22CAC008A3DF4 /* Project object */;
}
